
Microsoft Visual Studio Solution File, Format Version 12.00
# Visual Studio Version 17
VisualStudioVersion = 17.10.34804.81
MinimumVisualStudioVersion = 10.0.40219.1
Project("{9A19103F-16F7-4668-BE54-9A1E7A4F7556}") = "ConsoleApp", "CSharpConsole\ConsoleApp.csproj", "{97402843-212B-4E86-BBFF-D949D713DABD}"
EndProject
Project("{6EC3EE1D-3C4E-46DD-8F32-0CC8E7565705}") = "FSharpConsole", "FSharpConsole\FSharpConsole.fsproj", "{7B07F29C-1E96-44D5-B25D-F96A4C9AE30F}"
EndProject
Global
	GlobalSection(SolutionConfigurationPlatforms) = preSolution
		Debug|Any CPU = Debug|Any CPU
		Release|Any CPU = Release|Any CPU
	EndGlobalSection
	GlobalSection(ProjectConfigurationPlatforms) = postSolution
		{97402843-212B-4E86-BBFF-D949D713DABD}.Debug|Any CPU.ActiveCfg = Debug|Any CPU
		{97402843-212B-4E86-BBFF-D949D713DABD}.Debug|Any CPU.Build.0 = Debug|Any CPU
		{97402843-212B-4E86-BBFF-D949D713DABD}.Release|Any CPU.ActiveCfg = Release|Any CPU
		{97402843-212B-4E86-BBFF-D949D713DABD}.Release|Any CPU.Build.0 = Release|Any CPU
		{7B07F29C-1E96-44D5-B25D-F96A4C9AE30F}.Debug|Any CPU.ActiveCfg = Debug|Any CPU
		{7B07F29C-1E96-44D5-B25D-F96A4C9AE30F}.Debug|Any CPU.Build.0 = Debug|Any CPU
		{7B07F29C-1E96-44D5-B25D-F96A4C9AE30F}.Release|Any CPU.ActiveCfg = Release|Any CPU
		{7B07F29C-1E96-44D5-B25D-F96A4C9AE30F}.Release|Any CPU.Build.0 = Release|Any CPU
	EndGlobalSection
	GlobalSection(SolutionProperties) = preSolution
		HideSolutionNode = FALSE
	EndGlobalSection
	GlobalSection(ExtensibilityGlobals) = postSolution
		SolutionGuid = {AEC4C14B-C627-4F7E-8DBF-9B052D427BB5}
	EndGlobalSection
EndGlobal
